
Microsoft Visual Studio Solution File, Format Version 12.00
# Visual Studio Version 17
VisualStudioVersion = 17.3.32929.385
MinimumVisualStudioVersion = 10.0.40219.1
Project("{9A19103F-16F7-4668-BE54-9A1E7A4F7556}") = "sisu-olorin-api", "sisu-olorin-api.csproj", "{FB6F23D3-8785-4031-A925-AD925BE20DC3}"
EndProject
Global
	GlobalSection(SolutionConfigurationPlatforms) = preSolution
		Debug|Any CPU = Debug|Any CPU
		Release|Any CPU = Release|Any CPU
	EndGlobalSection
	GlobalSection(ProjectConfigurationPlatforms) = postSolution
		{FB6F23D3-8785-4031-A925-AD925BE20DC3}.Debug|Any CPU.ActiveCfg = Debug|Any CPU
		{FB6F23D3-8785-4031-A925-AD925BE20DC3}.Debug|Any CPU.Build.0 = Debug|Any CPU
		{FB6F23D3-8785-4031-A925-AD925BE20DC3}.Release|Any CPU.ActiveCfg = Release|Any CPU
		{FB6F23D3-8785-4031-A925-AD925BE20DC3}.Release|Any CPU.Build.0 = Release|Any CPU
	EndGlobalSection
	GlobalSection(SolutionProperties) = preSolution
		HideSolutionNode = FALSE
	EndGlobalSection
	GlobalSection(ExtensibilityGlobals) = postSolution
		SolutionGuid = {00134BA1-E29C-4F6F-8C1E-295FC9B3E78D}
	EndGlobalSection
EndGlobal
